
Microsoft Visual Studio Solution File, Format Version 12.00
# Visual Studio 15
VisualStudioVersion = 15.0.27130.2010
MinimumVisualStudioVersion = 10.0.40219.1
Project("{FAE04EC0-301F-11D3-BF4B-00C04F79EFBC}") = "lessPrime", "lessPrime\lessPrime.csproj", "{B4BFB64C-427D-4CD2-8C10-414B2FD4FA82}"
EndProject
Global
	GlobalSection(SolutionConfigurationPlatforms) = preSolution
		Debug|Any CPU = Debug|Any CPU
		Release|Any CPU = Release|Any CPU
	EndGlobalSection
	GlobalSection(ProjectConfigurationPlatforms) = postSolution
		{B4BFB64C-427D-4CD2-8C10-414B2FD4FA82}.Debug|Any CPU.ActiveCfg = Debug|Any CPU
		{B4BFB64C-427D-4CD2-8C10-414B2FD4FA82}.Debug|Any CPU.Build.0 = Debug|Any CPU
		{B4BFB64C-427D-4CD2-8C10-414B2FD4FA82}.Release|Any CPU.ActiveCfg = Release|Any CPU
		{B4BFB64C-427D-4CD2-8C10-414B2FD4FA82}.Release|Any CPU.Build.0 = Release|Any CPU
	EndGlobalSection
	GlobalSection(SolutionProperties) = preSolution
		HideSolutionNode = FALSE
	EndGlobalSection
	GlobalSection(ExtensibilityGlobals) = postSolution
		SolutionGuid = {F8C3E3DB-029C-4185-A94E-7251D238287D}
	EndGlobalSection
EndGlobal
